GEM
  remote: https://rubygems.org/
  specs:
    addressable (2.8.8)
      public_suffix (>= 2.0.2, < 8.0)
    async (2.36.0)
      console (~> 1.29)
      fiber-annotation
      io-event (~> 1.11)
      metrics (~> 0.12)
      traces (~> 0.18)
    async-container (0.30.0)
      async (~> 2.22)
    async-container-supervisor (0.9.3)
      async-service
      io-endpoint
      memory (~> 0.7)
      memory-leak (~> 0.5)
      process-metrics
    async-http (0.94.2)
      async (>= 2.10.2)
      async-pool (~> 0.11)
      io-endpoint (~> 0.14)
      io-stream (~> 0.6)
      metrics (~> 0.12)
      protocol-http (~> 0.58)
      protocol-http1 (~> 0.36)
      protocol-http2 (~> 0.22)
      protocol-url (~> 0.2)
      traces (~> 0.10)
    async-http-cache (0.4.6)
      async-http (~> 0.56)
    async-pool (0.11.1)
      async (>= 2.0)
    async-service (0.18.1)
      async
      async-container (~> 0.29)
      string-format (~> 0.2)
    async-websocket (0.30.0)
      async-http (~> 0.76)
      protocol-http (~> 0.34)
      protocol-rack (~> 0.7)
      protocol-websocket (~> 0.17)
    bake (0.24.1)
      bigdecimal
      samovar (~> 2.1)
    base64 (0.3.0)
    bigdecimal (4.0.1)
    connection_pool (3.0.2)
    console (1.34.2)
      fiber-annotation
      fiber-local (~> 1.1)
      json
    crack (1.0.1)
      bigdecimal
      rexml
    event_stream_parser (1.0.0)
    falcon (0.54.1)
      async
      async-container (~> 0.20)
      async-container-supervisor (~> 0.6)
      async-http (~> 0.75)
      async-http-cache (~> 0.4)
      async-service (~> 0.16)
      bundler
      localhost (~> 1.1)
      openssl (>= 3.0)
      protocol-http (~> 0.31)
      protocol-rack (~> 0.7)
      samovar (~> 2.3)
    faraday (2.14.0)
      faraday-net_http (>= 2.0, < 3.5)
      json
      logger
    faraday-multipart (1.2.0)
      multipart-post (~> 2.0)
    faraday-net_http (3.4.2)
      net-http (~> 0.5)
    faraday-retry (2.4.0)
      faraday (~> 2.0)
    fiber-annotation (0.2.0)
    fiber-local (1.1.0)
      fiber-storage
    fiber-storage (1.0.1)
    hashdiff (1.2.1)
    io-endpoint (0.17.2)
    io-event (1.11.2)
    io-stream (0.11.1)
    json (2.18.1)
    kramdown (2.5.2)
      rexml (>= 3.4.4)
    localhost (1.7.0)
    logger (1.7.0)
    mapping (1.1.3)
    marcel (1.1.0)
    memory (0.12.0)
      bake (~> 0.15)
      console
      msgpack
    memory-leak (0.7.0)
    metrics (0.15.0)
    mini_portile2 (2.8.9)
    minitest (6.0.1)
      prism (~> 1.5)
    msgpack (1.8.0)
    multipart-post (2.4.1)
    net-http (0.9.1)
      uri (>= 0.11.1)
    nokogiri (1.19.0)
      mini_portile2 (~> 2.8.2)
      racc (~> 1.4)
    nokogiri (1.19.0-aarch64-linux-gnu)
      racc (~> 1.4)
    nokogiri (1.19.0-aarch64-linux-musl)
      racc (~> 1.4)
    nokogiri (1.19.0-arm-linux-gnu)
      racc (~> 1.4)
    nokogiri (1.19.0-arm-linux-musl)
      racc (~> 1.4)
    nokogiri (1.19.0-arm64-darwin)
      racc (~> 1.4)
    nokogiri (1.19.0-x86_64-darwin)
      racc (~> 1.4)
    nokogiri (1.19.0-x86_64-linux-gnu)
      racc (~> 1.4)
    nokogiri (1.19.0-x86_64-linux-musl)
      racc (~> 1.4)
    openssl (4.0.0)
    pastel (0.8.0)
      tty-color (~> 0.5)
    prism (1.9.0)
    process-metrics (0.8.0)
      console (~> 1.8)
      json (~> 2)
      samovar (~> 2.1)
    protocol-hpack (1.5.1)
    protocol-http (0.59.0)
    protocol-http1 (0.37.0)
      protocol-http (~> 0.58)
    protocol-http2 (0.24.0)
      protocol-hpack (~> 1.4)
      protocol-http (~> 0.47)
    protocol-rack (0.21.1)
      io-stream (>= 0.10)
      protocol-http (~> 0.58)
      rack (>= 1.0)
    protocol-url (0.4.0)
    protocol-websocket (0.20.2)
      protocol-http (~> 0.2)
    public_suffix (7.0.2)
    racc (1.8.1)
    rack (3.2.4)
    rake (13.3.1)
    redis (5.4.1)
      redis-client (>= 0.22.0)
    redis-client (0.26.4)
      connection_pool
    redlock (1.3.2)
      redis (>= 3.0.0, < 6.0)
    rexml (3.4.4)
    rouge (4.7.0)
    ruby_llm (1.11.0)
      base64
      event_stream_parser (~> 1)
      faraday (>= 1.10.0)
      faraday-multipart (>= 1)
      faraday-net_http (>= 1)
      faraday-retry (>= 1)
      marcel (~> 1.0)
      ruby_llm-schema (~> 0.2.1)
      zeitwerk (~> 2)
    ruby_llm-schema (0.2.5)
    samovar (2.4.1)
      console (~> 1.0)
      mapping (~> 1.0)
    stoplight (4.1.1)
      redlock (~> 1.0)
    string-format (0.2.0)
    strings (0.2.1)
      strings-ansi (~> 0.2)
      unicode-display_width (>= 1.5, < 3.0)
      unicode_utils (~> 1.4)
    strings-ansi (0.2.0)
    traces (0.18.2)
    tty-box (0.7.0)
      pastel (~> 0.8)
      strings (~> 0.2.0)
      tty-cursor (~> 0.7)
    tty-color (0.6.0)
    tty-command (0.10.1)
      pastel (~> 0.8)
    tty-cursor (0.7.1)
    tty-editor (0.7.0)
      tty-prompt (~> 0.22)
    tty-font (0.5.0)
    tty-link (0.2.0)
    tty-markdown (0.7.2)
      kramdown (>= 1.16.2, < 3.0)
      pastel (~> 0.8)
      rouge (>= 3.14, < 5.0)
      strings (~> 0.2.0)
      tty-color (~> 0.5)
      tty-screen (~> 0.8)
    tty-pager (0.14.0)
      strings (~> 0.2.0)
      tty-screen (~> 0.8)
    tty-pie (0.4.0)
      pastel (~> 0.8)
      tty-cursor (~> 0.7)
    tty-platform (0.3.0)
    tty-progressbar (0.18.3)
      strings-ansi (~> 0.2)
      tty-cursor (~> 0.7)
      tty-screen (~> 0.8)
      unicode-display_width (>= 1.6, < 3.0)
    tty-prompt (0.23.1)
      pastel (~> 0.8)
      tty-reader (~> 0.8)
    tty-reader (0.9.0)
      tty-cursor (~> 0.7)
      tty-screen (~> 0.8)
      wisper (~> 2.0)
    tty-screen (0.8.2)
    tty-spinner (0.9.3)
      tty-cursor (~> 0.7)
    tty-table (0.12.0)
      pastel (~> 0.8)
      strings (~> 0.2.0)
      tty-screen (~> 0.8)
    tty-tree (0.4.0)
    tty-which (0.5.0)
    unicode-display_width (2.6.0)
    unicode_utils (1.4.0)
    uri (1.1.1)
    webmock (3.26.1)
      addressable (>= 2.8.0)
      crack (>= 0.3.2)
      hashdiff (>= 0.4.0, < 2.0.0)
    wisper (2.0.1)
    zeitwerk (2.7.4)

PLATFORMS
  aarch64-linux-gnu
  aarch64-linux-musl
  arm-linux-gnu
  arm-linux-musl
  arm64-darwin
  x86-linux-gnu
  x86-linux-musl
  x86_64-darwin
  x86_64-linux-gnu
  x86_64-linux-musl

DEPENDENCIES
  async-websocket
  falcon (~> 0.47)
  minitest
  nokogiri (~> 1.19)
  pastel
  rake
  rouge
  ruby_llm (~> 1.11)
  stoplight (~> 4.0)
  tty-box
  tty-command
  tty-cursor
  tty-editor
  tty-font
  tty-link
  tty-markdown
  tty-pager
  tty-pie
  tty-platform
  tty-progressbar
  tty-prompt
  tty-reader (~> 0.9)
  tty-screen
  tty-spinner
  tty-table
  tty-tree
  tty-which
  webmock

CHECKSUMS
  addressable (2.8.8) sha256=7c13b8f9536cf6364c03b9d417c19986019e28f7c00ac8132da4eb0fe393b057
  async (2.36.0) sha256=090623f4c65706664355c9efa6c7bfb86771a513e65cd681c51cb27747530550
  async-container (0.30.0) sha256=36bf679b38f8704f949d18812cd650b95be84b8c87bb65e83c6e89decf478cf6
  async-container-supervisor (0.9.3) sha256=7bccbba92d84f6f19cbcea058a7f124511e828b39387b4bd257a0d12104f4a6d
  async-http (0.94.2) sha256=c5ca94b337976578904a373833abe5b8dfb466a2946af75c4ae38c409c5c78b2
  async-http-cache (0.4.6) sha256=2038d1f093182f16b50b4db271c25085e3938da10bfcfc2904cadb0530fddfd6
  async-pool (0.11.1) sha256=98e1583e199a75f7dc70f8e65fc8d0d3b28636c3f256595d43e206642ad8fbda
  async-service (0.18.1) sha256=a74fd686c2f290179e273ceb61cc002528ecb80a16b93492be2e8160fa2a2f7d
  async-websocket (0.30.0) sha256=55739954528ad8f87f7792d0452e1268d1ef2aa5b3719f79400a05a1a6202cdf
  bake (0.24.1) sha256=8bfac7e61514b17720e3b13cf6a5e122243f43123c6802707b150904bec5f4c7
  base64 (0.3.0) sha256=27337aeabad6ffae05c265c450490628ef3ebd4b67be58257393227588f5a97b
  bigdecimal (4.0.1) sha256=8b07d3d065a9f921c80ceaea7c9d4ae596697295b584c296fe599dd0ad01c4a7
  connection_pool (3.0.2) sha256=33fff5ba71a12d2aa26cb72b1db8bba2a1a01823559fb01d29eb74c286e62e0a
  console (1.34.2) sha256=1c036abf606ccec83f9dc28f0c31710fe5936ffe7ba5d235ae2865590a482d58
  crack (1.0.1) sha256=ff4a10390cd31d66440b7524eb1841874db86201d5b70032028553130b6d4c7e
  event_stream_parser (1.0.0) sha256=a2683bab70126286f8184dc88f7968ffc4028f813161fb073ec90d171f7de3c8
  falcon (0.54.1) sha256=a59a91ff9c95a21c568c670ecd52101c9aaa906eecad67d4080647c5aa570c24
  faraday (2.14.0) sha256=8699cfe5d97e55268f2596f9a9d5a43736808a943714e3d9a53e6110593941cd
  faraday-multipart (1.2.0) sha256=7d89a949693714176f612323ca13746a2ded204031a6ba528adee788694ef757
  faraday-net_http (3.4.2) sha256=f147758260d3526939bf57ecf911682f94926a3666502e24c69992765875906c
  faraday-retry (2.4.0) sha256=7b79c48fb7e56526faf247b12d94a680071ff40c9fda7cf1ec1549439ad11ebe
  fiber-annotation (0.2.0) sha256=7abfadf1d119f508867d4103bf231c0354d019cc39a5738945dec2edadaf6c03
  fiber-local (1.1.0) sha256=c885f94f210fb9b05737de65d511136ea602e00c5105953748aa0f8793489f06
  fiber-storage (1.0.1) sha256=f48e5b6d8b0be96dac486332b55cee82240057065dc761c1ea692b2e719240e1
  hashdiff (1.2.1) sha256=9c079dbc513dfc8833ab59c0c2d8f230fa28499cc5efb4b8dd276cf931457cd1
  io-endpoint (0.17.2) sha256=3feaf766c116b35839c11fac68b6aaadc47887bb488902a57bf8e1d288fb3338
  io-event (1.11.2) sha256=4a640ac7d86d9f5fc0d4f47dd83eff82e9fe5818b0d910596b058ca1b34b96b9
  io-stream (0.11.1) sha256=fa5f551fcff99581c1757b9d1cee2c37b124f07d2ca4f40b756a05ab9bd21b87
  json (2.18.1) sha256=fe112755501b8d0466b5ada6cf50c8c3f41e897fa128ac5d263ec09eedc9f986
  kramdown (2.5.2) sha256=1ba542204c66b6f9111ff00dcc26075b95b220b07f2905d8261740c82f7f02fa
  localhost (1.7.0) sha256=09b32819537f914ccdf0a7c595fab162517401b6ef644a2afd3708d943c4547f
  logger (1.7.0) sha256=196edec7cc44b66cfb40f9755ce11b392f21f7967696af15d274dde7edff0203
  mapping (1.1.3) sha256=2274931d20ecd46eaafdd1e00c58cc7472133b213bcac335cc7733d3c75f4da2
  marcel (1.1.0) sha256=fdcfcfa33cc52e93c4308d40e4090a5d4ea279e160a7f6af988260fa970e0bee
  memory (0.12.0) sha256=786a14d84cec8e5667a491da02ebbf492b9ec3d19d35161131ac9d47abb684b4
  memory-leak (0.7.0) sha256=3eca5f0447e9250eb6d9dc5d567345b9dc7f2f05289d0691aa8ed24ca4dece20
  metrics (0.15.0) sha256=61ded5bac95118e995b1bc9ed4a5f19bc9814928a312a85b200abbdac9039072
  mini_portile2 (2.8.9) sha256=0cd7c7f824e010c072e33f68bc02d85a00aeb6fce05bb4819c03dfd3c140c289
  minitest (6.0.1) sha256=7854c74f48e2e975969062833adc4013f249a4b212f5e7b9d5c040bf838d54bb
  msgpack (1.8.0) sha256=e64ce0212000d016809f5048b48eb3a65ffb169db22238fb4b72472fecb2d732
  multipart-post (2.4.1) sha256=9872d03a8e552020ca096adadbf5e3cb1cd1cdd6acd3c161136b8a5737cdb4a8
  net-http (0.9.1) sha256=25ba0b67c63e89df626ed8fac771d0ad24ad151a858af2cc8e6a716ca4336996
  nokogiri (1.19.0) sha256=e304d21865f62518e04f2bf59f93bd3a97ca7b07e7f03952946d8e1c05f45695
  nokogiri (1.19.0-aarch64-linux-gnu) sha256=11a97ecc3c0e7e5edcf395720b10860ef493b768f6aa80c539573530bc933767
  nokogiri (1.19.0-aarch64-linux-musl) sha256=eb70507f5e01bc23dad9b8dbec2b36ad0e61d227b42d292835020ff754fb7ba9
  nokogiri (1.19.0-arm-linux-gnu) sha256=572a259026b2c8b7c161fdb6469fa2d0edd2b61cd599db4bbda93289abefbfe5
  nokogiri (1.19.0-arm-linux-musl) sha256=23ed90922f1a38aed555d3de4d058e90850c731c5b756d191b3dc8055948e73c
  nokogiri (1.19.0-arm64-darwin) sha256=0811dfd936d5f6dd3f6d32ef790568bf29b2b7bead9ba68866847b33c9cf5810
  nokogiri (1.19.0-x86_64-darwin) sha256=1dad56220b603a8edb9750cd95798bffa2b8dd9dd9aa47f664009ee5b43e3067
  nokogiri (1.19.0-x86_64-linux-gnu) sha256=f482b95c713d60031d48c44ce14562f8d2ce31e3a9e8dd0ccb131e9e5a68b58c
  nokogiri (1.19.0-x86_64-linux-musl) sha256=1c4ca6b381622420073ce6043443af1d321e8ed93cc18b08e2666e5bd02ffae4
  openssl (4.0.0) sha256=185711ed93d4e9c9a9db6efea7edb202dfe04f7d3692fbab988e3d84e498ee91
  pastel (0.8.0) sha256=481da9fb7d2f6e6b1a08faf11fa10363172dc40fd47848f096ae21209f805a75
  prism (1.9.0) sha256=7b530c6a9f92c24300014919c9dcbc055bf4cdf51ec30aed099b06cd6674ef85
  process-metrics (0.8.0) sha256=6cc1fc239a674a43708366edb171218ebdf8710b4de5918653ac9a699c666340
  protocol-hpack (1.5.1) sha256=6feca238b8078da1cd295677d6f306c6001af92d75fe0643d33e6956cbc3ad91
  protocol-http (0.59.0) sha256=90e20ad817cb3ffe947d4fd6194fe0651f385625dcce055386d1c356ee32547b
  protocol-http1 (0.37.0) sha256=5bdd739e28792b341134596f6f5ab21a9d4b395f67bae69e153743eb0e69d123
  protocol-http2 (0.24.0) sha256=65327a019b7e36d2774e94050bf57a43bb60212775d2fcf02ae1d2ed4f01ef28
  protocol-rack (0.21.1) sha256=366ff16efbf4c2f8d2e3fad4e992effa2357610f70effbccfa2767d26fedc577
  protocol-url (0.4.0) sha256=64d4c03b6b51ad815ac6fdaf77a1d91e5baf9220d26becb846c5459dacdea9e1
  protocol-websocket (0.20.2) sha256=c41d93c35fba5dae85375c597f76975f3dbd75d8c5b2f21b33dab4dc22a5a511
  public_suffix (7.0.2) sha256=9114090c8e4e7135c1fd0e7acfea33afaab38101884320c65aaa0ffb8e26a857
  racc (1.8.1) sha256=4a7f6929691dbec8b5209a0b373bc2614882b55fc5d2e447a21aaa691303d62f
  rack (3.2.4) sha256=5d74b6f75082a643f43c1e76b419c40f0e5527fcfee1e669ac1e6b73c0ccb6f6
  rake (13.3.1) sha256=8c9e89d09f66a26a01264e7e3480ec0607f0c497a861ef16063604b1b08eb19c
  redis (5.4.1) sha256=b5e675b57ad22b15c9bcc765d5ac26f60b675408af916d31527af9bd5a81faae
  redis-client (0.26.4) sha256=3ad70beff5da2653e02dfeae996e7d8d7147a558da12b16b2282ad345e4c7120
  redlock (1.3.2) sha256=6c7cea3d62c6e31e8df6b1924fdf89e35e5576e52dce10c62412e783bfe37277
  rexml (3.4.4) sha256=19e0a2c3425dfbf2d4fc1189747bdb2f849b6c5e74180401b15734bc97b5d142
  rouge (4.7.0) sha256=dba5896715c0325c362e895460a6d350803dbf6427454f49a47500f3193ea739
  ruby_llm (1.11.0) sha256=c1bc17bb02a7e805d8f62ea6ada2ecfe7782fc955e9440b53a2fdbd00e5ec9cc
  ruby_llm-schema (0.2.5) sha256=b08cd42e8de7100325e2e868672a56f1915eb23692bb808f51f214e41392104f
  samovar (2.4.1) sha256=c3b91dd0580771e3bc600621c1111f29542529dcffafaac3b6bf068b3f309e80
  stoplight (4.1.1) sha256=ed475d174d40f4ce316023243517bdd2158c3c84092a09aa7c85ec2b4ce0459a
  string-format (0.2.0) sha256=bc981c14116b061f12134549f32fa2d61a17b5a35dd6fd36596c21722a789af6
  strings (0.2.1) sha256=933293b3c95cf85b81eb44b3cf673e3087661ba739bbadfeadf442083158d6fb
  strings-ansi (0.2.0) sha256=90262d760ea4a94cc2ae8d58205277a343409c288cbe7c29416b1826bd511c88
  traces (0.18.2) sha256=80f1649cb4daace1d7174b81f3b3b7427af0b93047759ba349960cb8f315e214
  tty-box (0.7.0) sha256=17f453a0c1df43871fdb6de461ee797b78574dacc652372fa2ae98a00785df8b
  tty-color (0.6.0) sha256=6f9c37ca3a4e2367fb2e6d09722762647d6f455c111f05b59f35730eeb24332a
  tty-command (0.10.1) sha256=0c6c471fcb932d55518734eb4e2e07e9efdd2918713cc39bb7393ba862471192
  tty-cursor (0.7.1) sha256=79534185e6a777888d88628b14b6a1fdf5154a603f285f80b1753e1908e0bf48
  tty-editor (0.7.0) sha256=b6cdea43d50ce87ffebffbd9c3e5b04c6fc003734ad9f75472aabe7c00ea14ca
  tty-font (0.5.0) sha256=495ee588701be4abaf03da8b14382794003cb2d836127b02c78cda18aaf451e2
  tty-link (0.2.0) sha256=82fa3284910c250c3e10feef0f2d491717467c029c3eb3ac4b4a7c63fddcbfe5
  tty-markdown (0.7.2) sha256=1ed81db97028d006ba81e2cfd9fe0a04b0eb28650ad0d4086ed6e5627f4ac511
  tty-pager (0.14.0) sha256=9f90e63d45433e37f3096c666820f1b6634bcc876924c8479b3dfd2f5df6e033
  tty-pie (0.4.0) sha256=dfc53ff0cebeb8696bbf5e151ebc7b493e09b461b8bd1db6f934bfd72bf05bd1
  tty-platform (0.3.0) sha256=e23937b100e84a1bf9ce32352b4c04d526da1c2510668ce1f27f8ae79142050a
  tty-progressbar (0.18.3) sha256=6cbb4260e55e74a9180d502143eb6a467d2c8e51bf5f3c9509fb5cacc3d4a5f6
  tty-prompt (0.23.1) sha256=fcdbce905238993f27eecfdf67597a636bc839d92192f6a0eef22b8166449ec8
  tty-reader (0.9.0) sha256=c62972c985c0b1566f0e56743b6a7882f979d3dc32ff491ed490a076f899c2b1
  tty-screen (0.8.2) sha256=c090652115beae764336c28802d633f204fb84da93c6a968aa5d8e319e819b50
  tty-spinner (0.9.3) sha256=0e036f047b4ffb61f2aa45f5a770ec00b4d04130531558a94bfc5b192b570542
  tty-table (0.12.0) sha256=fdc27a4750835c1a16efe19a0b857e3ced3652cc7aceafe6dca94908965b9939
  tty-tree (0.4.0) sha256=faad9c38fbd9c92a9ebfbba326472b9f98691cb430b5a3b856ffac7b7d827670
  tty-which (0.5.0) sha256=5824055f0d6744c97e7c4426544f01d519c40d1806ef2ef47d9854477993f466
  unicode-display_width (2.6.0) sha256=12279874bba6d5e4d2728cef814b19197dbb10d7a7837a869bab65da943b7f5a
  unicode_utils (1.4.0) sha256=b922d0cf2313b6b7136ada6645ce7154ffc86418ca07d53b058efe9eb72f2a40
  uri (1.1.1) sha256=379fa58d27ffb1387eaada68c749d1426738bd0f654d812fcc07e7568f5c57c6
  webmock (3.26.1) sha256=4f696fb57c90a827c20aadb2d4f9058bbff10f7f043bd0d4c3f58791143b1cd7
  wisper (2.0.1) sha256=ce17bc5c3a166f241a2e6613848b025c8146fce2defba505920c1d1f3f88fae6
  zeitwerk (2.7.4) sha256=2bef90f356bdafe9a6c2bd32bcd804f83a4f9b8bc27f3600fff051eb3edcec8b

BUNDLED WITH
  4.0.6
